
Microsoft Visual Studio Solution File, Format Version 12.00
# Visual Studio 14
VisualStudioVersion = 14.0.25123.0
MinimumVisualStudioVersion = 10.0.40219.1
Project("{FAE04EC0-301F-11D3-BF4B-00C04F79EFBC}") = "API", "API\API.csproj", "{F7426783-2741-4D75-8125-8D1313B913EE}"
EndProject
Global
	GlobalSection(SolutionConfigurationPlatforms) = preSolution
		Debug|Any CPU = Debug|Any CPU
		Release|Any CPU = Release|Any CPU
	EndGlobalSection
	GlobalSection(ProjectConfigurationPlatforms) = postSolution
		{F7426783-2741-4D75-8125-8D1313B913EE}.Debug|Any CPU.ActiveCfg = Debug|Any CPU
		{F7426783-2741-4D75-8125-8D1313B913EE}.Debug|Any CPU.Build.0 = Debug|Any CPU
		{F7426783-2741-4D75-8125-8D1313B913EE}.Release|Any CPU.ActiveCfg = Release|Any CPU
		{F7426783-2741-4D75-8125-8D1313B913EE}.Release|Any CPU.Build.0 = Release|Any CPU
	EndGlobalSection
	GlobalSection(SolutionProperties) = preSolution
		HideSolutionNode = FALSE
	EndGlobalSection
EndGlobal
